
Microsoft Visual Studio Solution File, Format Version 12.00
# Visual Studio Version 17
VisualStudioVersion = 17.1.32421.90
MinimumVisualStudioVersion = 10.0.40219.1
Project("{9A19103F-16F7-4668-BE54-9A1E7A4F7556}") = "XwaOptEditor", "XwaOptEditor\XwaOptEditor.csproj", "{569A9CCE-73C2-431B-B6B2-45E0705DB1D9}"
EndProject
Project("{9A19103F-16F7-4668-BE54-9A1E7A4F7556}") = "JeremyAnsel.Xwa.WpfOpt", "JeremyAnsel.Xwa.WpfOpt\JeremyAnsel.Xwa.WpfOpt.csproj", "{A1BC0819-12F6-467C-A418-41934C332FD0}"
EndProject
Project("{9A19103F-16F7-4668-BE54-9A1E7A4F7556}") = "OptAn8Converter", "OptAn8Converter\OptAn8Converter.csproj", "{4F33558E-5C1F-448A-961D-B005C4B4E63D}"
EndProject
Project("{9A19103F-16F7-4668-BE54-9A1E7A4F7556}") = "WavefrontObj", "WavefrontObj\WavefrontObj.csproj", "{B8925CDB-B68C-4632-8D7F-99DB90188E0B}"
EndProject
Project("{9A19103F-16F7-4668-BE54-9A1E7A4F7556}") = "OptObjConverter", "OptObjConverter\OptObjConverter.csproj", "{8F598798-EFA8-430E-A4AF-E7A77FD66D9A}"
EndProject
Project("{9A19103F-16F7-4668-BE54-9A1E7A4F7556}") = "OptRhinoConverter", "OptRhinoConverter\OptRhinoConverter.csproj", "{BADB7D31-47A6-41AE-855E-E03D3FE260CF}"
EndProject
Project("{9A19103F-16F7-4668-BE54-9A1E7A4F7556}") = "OptStructure", "OptStructure\OptStructure.csproj", "{7D3AE969-4072-455B-9ACF-08FC61D8CA54}"
EndProject
Project("{9A19103F-16F7-4668-BE54-9A1E7A4F7556}") = "OptTextures", "OptTextures\OptTextures.csproj", "{D73C9019-0B20-440E-AD2B-78F47F0BF358}"
EndProject
Project("{9A19103F-16F7-4668-BE54-9A1E7A4F7556}") = "XwaOptExplorer", "XwaOptExplorer\XwaOptExplorer.csproj", "{223C4A1E-5FFE-40AA-8062-D13FDCC279AF}"
EndProject
Project("{9A19103F-16F7-4668-BE54-9A1E7A4F7556}") = "XwaOptProfilesViewer", "XwaOptProfilesViewer\XwaOptProfilesViewer.csproj", "{A242A50A-D036-4357-8E97-CFA06014677B}"
EndProject
Project("{9A19103F-16F7-4668-BE54-9A1E7A4F7556}") = "XwaSFoilsEditor", "XwaSFoilsEditor\XwaSFoilsEditor.csproj", "{3A33A112-65A3-4273-A9B0-EAB70EED0C42}"
EndProject
Project("{9A19103F-16F7-4668-BE54-9A1E7A4F7556}") = "XwaHangarMapEditor", "XwaHangarMapEditor\XwaHangarMapEditor.csproj", "{AE57964C-C4D1-41CB-B0A1-5F7127B100D8}"
EndProject
Global
	GlobalSection(SolutionConfigurationPlatforms) = preSolution
		Debug|Any CPU = Debug|Any CPU
		Release|Any CPU = Release|Any CPU
	EndGlobalSection
	GlobalSection(ProjectConfigurationPlatforms) = postSolution
		{569A9CCE-73C2-431B-B6B2-45E0705DB1D9}.Debug|Any CPU.ActiveCfg = Debug|Any CPU
		{569A9CCE-73C2-431B-B6B2-45E0705DB1D9}.Debug|Any CPU.Build.0 = Debug|Any CPU
		{569A9CCE-73C2-431B-B6B2-45E0705DB1D9}.Release|Any CPU.ActiveCfg = Release|Any CPU
		{569A9CCE-73C2-431B-B6B2-45E0705DB1D9}.Release|Any CPU.Build.0 = Release|Any CPU
		{A1BC0819-12F6-467C-A418-41934C332FD0}.Debug|Any CPU.ActiveCfg = Debug|Any CPU
		{A1BC0819-12F6-467C-A418-41934C332FD0}.Debug|Any CPU.Build.0 = Debug|Any CPU
		{A1BC0819-12F6-467C-A418-41934C332FD0}.Release|Any CPU.ActiveCfg = Release|Any CPU
		{A1BC0819-12F6-467C-A418-41934C332FD0}.Release|Any CPU.Build.0 = Release|Any CPU
		{4F33558E-5C1F-448A-961D-B005C4B4E63D}.Debug|Any CPU.ActiveCfg = Debug|Any CPU
		{4F33558E-5C1F-448A-961D-B005C4B4E63D}.Debug|Any CPU.Build.0 = Debug|Any CPU
		{4F33558E-5C1F-448A-961D-B005C4B4E63D}.Release|Any CPU.ActiveCfg = Release|Any CPU
		{4F33558E-5C1F-448A-961D-B005C4B4E63D}.Release|Any CPU.Build.0 = Release|Any CPU
		{B8925CDB-B68C-4632-8D7F-99DB90188E0B}.Debug|Any CPU.ActiveCfg = Debug|Any CPU
		{B8925CDB-B68C-4632-8D7F-99DB90188E0B}.Debug|Any CPU.Build.0 = Debug|Any CPU
		{B8925CDB-B68C-4632-8D7F-99DB90188E0B}.Release|Any CPU.ActiveCfg = Release|Any CPU
		{B8925CDB-B68C-4632-8D7F-99DB90188E0B}.Release|Any CPU.Build.0 = Release|Any CPU
		{8F598798-EFA8-430E-A4AF-E7A77FD66D9A}.Debug|Any CPU.ActiveCfg = Debug|Any CPU
		{8F598798-EFA8-430E-A4AF-E7A77FD66D9A}.Debug|Any CPU.Build.0 = Debug|Any CPU
		{8F598798-EFA8-430E-A4AF-E7A77FD66D9A}.Release|Any CPU.ActiveCfg = Release|Any CPU
		{8F598798-EFA8-430E-A4AF-E7A77FD66D9A}.Release|Any CPU.Build.0 = Release|Any CPU
		{BADB7D31-47A6-41AE-855E-E03D3FE260CF}.Debug|Any CPU.ActiveCfg = Debug|Any CPU
		{BADB7D31-47A6-41AE-855E-E03D3FE260CF}.Debug|Any CPU.Build.0 = Debug|Any CPU
		{BADB7D31-47A6-41AE-855E-E03D3FE260CF}.Release|Any CPU.ActiveCfg = Release|Any CPU
		{BADB7D31-47A6-41AE-855E-E03D3FE260CF}.Release|Any CPU.Build.0 = Release|Any CPU
		{7D3AE969-4072-455B-9ACF-08FC61D8CA54}.Debug|Any CPU.ActiveCfg = Debug|Any CPU
		{7D3AE969-4072-455B-9ACF-08FC61D8CA54}.Debug|Any CPU.Build.0 = Debug|Any CPU
		{7D3AE969-4072-455B-9ACF-08FC61D8CA54}.Release|Any CPU.ActiveCfg = Release|Any CPU
		{7D3AE969-4072-455B-9ACF-08FC61D8CA54}.Release|Any CPU.Build.0 = Release|Any CPU
		{D73C9019-0B20-440E-AD2B-78F47F0BF358}.Debug|Any CPU.ActiveCfg = Debug|Any CPU
		{D73C9019-0B20-440E-AD2B-78F47F0BF358}.Debug|Any CPU.Build.0 = Debug|Any CPU
		{D73C9019-0B20-440E-AD2B-78F47F0BF358}.Release|Any CPU.ActiveCfg = Release|Any CPU
		{D73C9019-0B20-440E-AD2B-78F47F0BF358}.Release|Any CPU.Build.0 = Release|Any CPU
		{223C4A1E-5FFE-40AA-8062-D13FDCC279AF}.Debug|Any CPU.ActiveCfg = Debug|Any CPU
		{223C4A1E-5FFE-40AA-8062-D13FDCC279AF}.Debug|Any CPU.Build.0 = Debug|Any CPU
		{223C4A1E-5FFE-40AA-8062-D13FDCC279AF}.Release|Any CPU.ActiveCfg = Release|Any CPU
		{223C4A1E-5FFE-40AA-8062-D13FDCC279AF}.Release|Any CPU.Build.0 = Release|Any CPU
		{A242A50A-D036-4357-8E97-CFA06014677B}.Debug|Any CPU.ActiveCfg = Debug|Any CPU
		{A242A50A-D036-4357-8E97-CFA06014677B}.Debug|Any CPU.Build.0 = Debug|Any CPU
		{A242A50A-D036-4357-8E97-CFA06014677B}.Release|Any CPU.ActiveCfg = Release|Any CPU
		{A242A50A-D036-4357-8E97-CFA06014677B}.Release|Any CPU.Build.0 = Release|Any CPU
		{3A33A112-65A3-4273-A9B0-EAB70EED0C42}.Debug|Any CPU.ActiveCfg = Debug|Any CPU
		{3A33A112-65A3-4273-A9B0-EAB70EED0C42}.Debug|Any CPU.Build.0 = Debug|Any CPU
		{3A33A112-65A3-4273-A9B0-EAB70EED0C42}.Release|Any CPU.ActiveCfg = Release|Any CPU
		{3A33A112-65A3-4273-A9B0-EAB70EED0C42}.Release|Any CPU.Build.0 = Release|Any CPU
		{AE57964C-C4D1-41CB-B0A1-5F7127B100D8}.Debug|Any CPU.ActiveCfg = Debug|Any CPU
		{AE57964C-C4D1-41CB-B0A1-5F7127B100D8}.Debug|Any CPU.Build.0 = Debug|Any CPU
		{AE57964C-C4D1-41CB-B0A1-5F7127B100D8}.Release|Any CPU.ActiveCfg = Release|Any CPU
		{AE57964C-C4D1-41CB-B0A1-5F7127B100D8}.Release|Any CPU.Build.0 = Release|Any CPU
	EndGlobalSection
	GlobalSection(SolutionProperties) = preSolution
		HideSolutionNode = FALSE
	EndGlobalSection
	GlobalSection(ExtensibilityGlobals) = postSolution
		SolutionGuid = {16FBB445-A017-42D8-9E60-19ADA9C3B3DE}
	EndGlobalSection
EndGlobal
